// !$*UTF8*$!
{
	archiveVersion = 1;
	classes = {
	};
	objectVersion = 46;
	objects = {

/* Begin PBXBuildFile section */
		4B611A6817287F910071FBCF /* UIKit.framework in Frameworks */ = {isa = PBXBuildFile; fileRef = 4B611A6717287F910071FBCF /* UIKit.framework */; };
		4B611A6A17287F910071FBCF /* Foundation.framework in Frameworks */ = {isa = PBXBuildFile; fileRef = 4B611A6917287F910071FBCF /* Foundation.framework */; };
		4B611A6C17287F910071FBCF /* CoreGraphics.framework in Frameworks */ = {isa = PBXBuildFile; fileRef = 4B611A6B17287F910071FBCF /* CoreGraphics.framework */; };
		4B611A7217287F910071FBCF /* InfoPlist.strings in Resources */ = {isa = PBXBuildFile; fileRef = 4B611A7017287F910071FBCF /* InfoPlist.strings */; };
		4B611A7417287F910071FBCF /* main.m in Sources */ = {isa = PBXBuildFile; fileRef = 4B611A7317287F910071FBCF /* main.m */; };
		4B611A7817287F910071FBCF /* AppDelegate.m in Sources */ = {isa = PBXBuildFile; fileRef = 4B611A7717287F910071FBCF /* AppDelegate.m */; };
		4B611A7A17287F910071FBCF /* Default.png in Resources */ = {isa = PBXBuildFile; fileRef = 4B611A7917287F910071FBCF /* Default.png */; };
		4B611A7C17287F910071FBCF /* Default@2x.png in Resources */ = {isa = PBXBuildFile; fileRef = 4B611A7B17287F910071FBCF /* Default@2x.png */; };
		4B611A7E17287F910071FBCF /* Default-568h@2x.png in Resources */ = {isa = PBXBuildFile; fileRef = 4B611A7D17287F910071FBCF /* Default-568h@2x.png */; };
		4B611A8117287F910071FBCF /* ViewController.m in Sources */ = {isa = PBXBuildFile; fileRef = 4B611A8017287F910071FBCF /* ViewController.m */; };
		4B611A8417287F910071FBCF /* ViewController.xib in Resources */ = {isa = PBXBuildFile; fileRef = 4B611A8217287F910071FBCF /* ViewController.xib */; };
		4B611AA2172880840071FBCF /* AVFoundation.framework in Frameworks */ = {isa = PBXBuildFile; fileRef = 4B611AA1172880840071FBCF /* AVFoundation.framework */; };
		4B611AA4172886970071FBCF /* ChuCuoiCungTrang.mp3 in Resources */ = {isa = PBXBuildFile; fileRef = 4B611AA3172886970071FBCF /* ChuCuoiCungTrang.mp3 */; };
		4B611AAB172889160071FBCF /* Page.m in Sources */ = {isa = PBXBuildFile; fileRef = 4B611AA8172889160071FBCF /* Page.m */; };
		4B611AAC172889160071FBCF /* Truyen.m in Sources */ = {isa = PBXBuildFile; fileRef = 4B611AAA172889160071FBCF /* Truyen.m */; };
		4B611AAE17288DDB0071FBCF /* hoGamrubendancon.jpg in Resources */ = {isa = PBXBuildFile; fileRef = 4B611AAD17288DDB0071FBCF /* hoGamrubendancon.jpg */; };
		4B611AB017288F200071FBCF /* canlacay.jpg in Resources */ = {isa = PBXBuildFile; fileRef = 4B611AAF17288F200071FBCF /* canlacay.jpg */; };
		4B611AB21728911F0071FBCF /* hoconhoiphuc.jpg in Resources */ = {isa = PBXBuildFile; fileRef = 4B611AB11728911F0071FBCF /* hoconhoiphuc.jpg */; };
		4B611AB4172891FF0071FBCF /* vaccaymangvenha.jpg in Resources */ = {isa = PBXBuildFile; fileRef = 4B611AB3172891FF0071FBCF /* vaccaymangvenha.jpg */; };
		4B611AB6172892E40071FBCF /* cuuonggia.jpg in Resources */ = {isa = PBXBuildFile; fileRef = 4B611AB5172892E40071FBCF /* cuuonggia.jpg */; };
		4B611ABC172894B90071FBCF /* onggiatinhday.jpg in Resources */ = {isa = PBXBuildFile; fileRef = 4B611ABB172894B80071FBCF /* onggiatinhday.jpg */; };
		4BE23A5817293E9000958DE8 /* ChuCuoiCungTrang.plist in Resources */ = {isa = PBXBuildFile; fileRef = 4BE23A5717293E8F00958DE8 /* ChuCuoiCungTrang.plist */; };
		4BE695D51728FBC000719F55 /* ComicListVC.m in Sources */ = {isa = PBXBuildFile; fileRef = 4BE695D31728FBC000719F55 /* ComicListVC.m */; };
		4BE695D61728FBC000719F55 /* ComicListVC.xib in Resources */ = {isa = PBXBuildFile; fileRef = 4BE695D41728FBC000719F55 /* ComicListVC.xib */; };
		4BE695D81728FBDF00719F55 /* comicList.plist in Resources */ = {isa = PBXBuildFile; fileRef = 4BE695D71728FBDF00719F55 /* comicList.plist */; };
/* End PBXBuildFile section */

/* Begin PBXFileReference section */
		4B611A6417287F910071FBCF /* TruyenTranh.app */ = {isa = PBXFileReference; explicitFileType = wrapper.application; includeInIndex = 0; path = TruyenTranh.app; sourceTree = BUILT_PRODUCTS_DIR; };
		4B611A6717287F910071FBCF /* UIKit.framework */ = {isa = PBXFileReference; lastKnownFileType = wrapper.framework; name = UIKit.framework; path = System/Library/Frameworks/UIKit.framework; sourceTree = SDKROOT; };
		4B611A6917287F910071FBCF /* Foundation.framework */ = {isa = PBXFileReference; lastKnownFileType = wrapper.framework; name = Foundation.framework; path = System/Library/Frameworks/Foundation.framework; sourceTree = SDKROOT; };
		4B611A6B17287F910071FBCF /* CoreGraphics.framework */ = {isa = PBXFileReference; lastKnownFileType = wrapper.framework; name = CoreGraphics.framework; path = System/Library/Frameworks/CoreGraphics.framework; sourceTree = SDKROOT; };
		4B611A6F17287F910071FBCF /* TruyenTranh-Info.plist */ = {isa = PBXFileReference; lastKnownFileType = text.plist.xml; path = "TruyenTranh-Info.plist"; sourceTree = "<group>"; };
		4B611A7117287F910071FBCF /* en */ = {isa = PBXFileReference; lastKnownFileType = text.plist.strings; name = en; path = en.lproj/InfoPlist.strings; sourceTree = "<group>"; };
		4B611A7317287F910071FBCF /* main.m */ = {isa = PBXFileReference; lastKnownFileType = sourcecode.c.objc; path = main.m; sourceTree = "<group>"; };
		4B611A7517287F910071FBCF /* TruyenTranh-Prefix.pch */ = {isa = PBXFileReference; lastKnownFileType = sourcecode.c.h; path = "TruyenTranh-Prefix.pch"; sourceTree = "<group>"; };
		4B611A7617287F910071FBCF /* AppDelegate.h */ = {isa = PBXFileReference; lastKnownFileType = sourcecode.c.h; path = AppDelegate.h; sourceTree = "<group>"; };
		4B611A7717287F910071FBCF /* AppDelegate.m */ = {isa = PBXFileReference; lastKnownFileType = sourcecode.c.objc; path = AppDelegate.m; sourceTree = "<group>"; };
		4B611A7917287F910071FBCF /* Default.png */ = {isa = PBXFileReference; lastKnownFileType = image.png; path = Default.png; sourceTree = "<group>"; };
		4B611A7B17287F910071FBCF /* Default@2x.png */ = {isa = PBXFileReference; lastKnownFileType = image.png; path = "Default@2x.png"; sourceTree = "<group>"; };
		4B611A7D17287F910071FBCF /* Default-568h@2x.png */ = {isa = PBXFileReference; lastKnownFileType = image.png; path = "Default-568h@2x.png"; sourceTree = "<group>"; };
		4B611A7F17287F910071FBCF /* ViewController.h */ = {isa = PBXFileReference; lastKnownFileType = sourcecode.c.h; name = ViewController.h; path = TruyenTranh/ViewController.h; sourceTree = "<group>"; };
		4B611A8017287F910071FBCF /* ViewController.m */ = {isa = PBXFileReference; lastKnownFileType = sourcecode.c.objc; name = ViewController.m; path = TruyenTranh/ViewController.m; sourceTree = "<group>"; };
		4B611A8317287F910071FBCF /* en */ = {isa = PBXFileReference; lastKnownFileType = file.xib; name = en; path = en.lproj/ViewController.xib; sourceTree = "<group>"; };
		4B611AA1172880840071FBCF /* AVFoundation.framework */ = {isa = PBXFileReference; lastKnownFileType = wrapper.framework; name = AVFoundation.framework; path = System/Library/Frameworks/AVFoundation.framework; sourceTree = SDKROOT; };
		4B611AA3172886970071FBCF /* ChuCuoiCungTrang.mp3 */ = {isa = PBXFileReference; lastKnownFileType = audio.mp3; name = ChuCuoiCungTrang.mp3; path = ../ChuCuoiCungTrang.mp3; sourceTree = "<group>"; };
		4B611AA7172889160071FBCF /* Page.h */ = {isa = PBXFileReference; fileEncoding = 4; lastKnownFileType = sourcecode.c.h; path = Page.h; sourceTree = "<group>"; };
		4B611AA8172889160071FBCF /* Page.m */ = {isa = PBXFileReference; fileEncoding = 4; lastKnownFileType = sourcecode.c.objc; path = Page.m; sourceTree = "<group>"; };
		4B611AA9172889160071FBCF /* Truyen.h */ = {isa = PBXFileReference; fileEncoding = 4; lastKnownFileType = sourcecode.c.h; path = Truyen.h; sourceTree = "<group>"; };
		4B611AAA172889160071FBCF /* Truyen.m */ = {isa = PBXFileReference; fileEncoding = 4; lastKnownFileType = sourcecode.c.objc; path = Truyen.m; sourceTree = "<group>"; };
		4B611AAD17288DDB0071FBCF /* hoGamrubendancon.jpg */ = {isa = PBXFileReference; lastKnownFileType = image.jpeg; path = hoGamrubendancon.jpg; sourceTree = "<group>"; };
		4B611AAF17288F200071FBCF /* canlacay.jpg */ = {isa = PBXFileReference; lastKnownFileType = image.jpeg; path = canlacay.jpg; sourceTree = "<group>"; };
		4B611AB11728911F0071FBCF /* hoconhoiphuc.jpg */ = {isa = PBXFileReference; lastKnownFileType = image.jpeg; path = hoconhoiphuc.jpg; sourceTree = "<group>"; };
		4B611AB3172891FF0071FBCF /* vaccaymangvenha.jpg */ = {isa = PBXFileReference; lastKnownFileType = image.jpeg; path = vaccaymangvenha.jpg; sourceTree = "<group>"; };
		4B611AB5172892E40071FBCF /* cuuonggia.jpg */ = {isa = PBXFileReference; lastKnownFileType = image.jpeg; path = cuuonggia.jpg; sourceTree = "<group>"; };
		4B611ABB172894B80071FBCF /* onggiatinhday.jpg */ = {isa = PBXFileReference; lastKnownFileType = image.jpeg; path = onggiatinhday.jpg; sourceTree = "<group>"; };
		4BE23A5717293E8F00958DE8 /* ChuCuoiCungTrang.plist */ = {isa = PBXFileReference; fileEncoding = 4; lastKnownFileType = text.plist.xml; path = ChuCuoiCungTrang.plist; sourceTree = "<group>"; };
		4BE695D21728FBC000719F55 /* ComicListVC.h */ = {isa = PBXFileReference; fileEncoding = 4; lastKnownFileType = sourcecode.c.h; path = ComicListVC.h; sourceTree = "<group>"; };
		4BE695D31728FBC000719F55 /* ComicListVC.m */ = {isa = PBXFileReference; fileEncoding = 4; lastKnownFileType = sourcecode.c.objc; path = ComicListVC.m; sourceTree = "<group>"; };
		4BE695D41728FBC000719F55 /* ComicListVC.xib */ = {isa = PBXFileReference; fileEncoding = 4; lastKnownFileType = file.xib; path = ComicListVC.xib; sourceTree = "<group>"; };
		4BE695D71728FBDF00719F55 /* comicList.plist */ = {isa = PBXFileReference; fileEncoding = 4; lastKnownFileType = text.plist.xml; path = comicList.plist; sourceTree = "<group>"; };
/* End PBXFileReference section */

/* Begin PBXFrameworksBuildPhase section */
		4B611A6117287F910071FBCF /* Frameworks */ = {
			isa = PBXFrameworksBuildPhase;
			buildActionMask = 2147483647;
			files = (
				4B611AA2172880840071FBCF /* AVFoundation.framework in Frameworks */,
				4B611A6817287F910071FBCF /* UIKit.framework in Frameworks */,
				4B611A6A17287F910071FBCF /* Foundation.framework in Frameworks */,
				4B611A6C17287F910071FBCF /* CoreGraphics.framework in Frameworks */,
			);
			runOnlyForDeploymentPostprocessing = 0;
		};
/* End PBXFrameworksBuildPhase section */

/* Begin PBXGroup section */
		4B611A5B17287F910071FBCF = {
			isa = PBXGroup;
			children = (
				4BE695D11728FB9A00719F55 /* vc */,
				4BE695D01728FB8B00719F55 /* class */,
				4B611AA017287FFC0071FBCF /* res */,
				4B611A6D17287F910071FBCF /* TruyenTranh */,
				4B611A6617287F910071FBCF /* Frameworks */,
				4B611A6517287F910071FBCF /* Products */,
			);
			sourceTree = "<group>";
		};
		4B611A6517287F910071FBCF /* Products */ = {
			isa = PBXGroup;
			children = (
				4B611A6417287F910071FBCF /* TruyenTranh.app */,
			);
			name = Products;
			sourceTree = "<group>";
		};
		4B611A6617287F910071FBCF /* Frameworks */ = {
			isa = PBXGroup;
			children = (
				4B611AA1172880840071FBCF /* AVFoundation.framework */,
				4B611A6717287F910071FBCF /* UIKit.framework */,
				4B611A6917287F910071FBCF /* Foundation.framework */,
				4B611A6B17287F910071FBCF /* CoreGraphics.framework */,
			);
			name = Frameworks;
			sourceTree = "<group>";
		};
		4B611A6D17287F910071FBCF /* TruyenTranh */ = {
			isa = PBXGroup;
			children = (
				4B611A7617287F910071FBCF /* AppDelegate.h */,
				4B611A7717287F910071FBCF /* AppDelegate.m */,
				4B611A6E17287F910071FBCF /* Supporting Files */,
			);
			path = TruyenTranh;
			sourceTree = "<group>";
		};
		4B611A6E17287F910071FBCF /* Supporting Files */ = {
			isa = PBXGroup;
			children = (
				4B611A6F17287F910071FBCF /* TruyenTranh-Info.plist */,
				4B611A7017287F910071FBCF /* InfoPlist.strings */,
				4B611A7317287F910071FBCF /* main.m */,
				4B611A7517287F910071FBCF /* TruyenTranh-Prefix.pch */,
				4B611A7917287F910071FBCF /* Default.png */,
				4B611A7B17287F910071FBCF /* Default@2x.png */,
				4B611A7D17287F910071FBCF /* Default-568h@2x.png */,
			);
			name = "Supporting Files";
			sourceTree = "<group>";
		};
		4B611AA017287FFC0071FBCF /* res */ = {
			isa = PBXGroup;
			children = (
				4BE23A5717293E8F00958DE8 /* ChuCuoiCungTrang.plist */,
				4B611ABB172894B80071FBCF /* onggiatinhday.jpg */,
				4B611AB5172892E40071FBCF /* cuuonggia.jpg */,
				4B611AB3172891FF0071FBCF /* vaccaymangvenha.jpg */,
				4B611AB11728911F0071FBCF /* hoconhoiphuc.jpg */,
				4B611AAF17288F200071FBCF /* canlacay.jpg */,
				4B611AAD17288DDB0071FBCF /* hoGamrubendancon.jpg */,
				4B611AA3172886970071FBCF /* ChuCuoiCungTrang.mp3 */,
				4BE695D71728FBDF00719F55 /* comicList.plist */,
			);
			name = res;
			sourceTree = "<group>";
		};
		4BE695D01728FB8B00719F55 /* class */ = {
			isa = PBXGroup;
			children = (
				4B611AA7172889160071FBCF /* Page.h */,
				4B611AA8172889160071FBCF /* Page.m */,
				4B611AA9172889160071FBCF /* Truyen.h */,
				4B611AAA172889160071FBCF /* Truyen.m */,
			);
			name = class;
			sourceTree = "<group>";
		};
		4BE695D11728FB9A00719F55 /* vc */ = {
			isa = PBXGroup;
			children = (
				4B611A7F17287F910071FBCF /* ViewController.h */,
				4B611A8017287F910071FBCF /* ViewController.m */,
				4B611A8217287F910071FBCF /* ViewController.xib */,
				4BE695D21728FBC000719F55 /* ComicListVC.h */,
				4BE695D31728FBC000719F55 /* ComicListVC.m */,
				4BE695D41728FBC000719F55 /* ComicListVC.xib */,
			);
			name = vc;
			sourceTree = "<group>";
		};
/* End PBXGroup section */

/* Begin PBXNativeTarget section */
		4B611A6317287F910071FBCF /* TruyenTranh */ = {
			isa = PBXNativeTarget;
			buildConfigurationList = 4B611A8717287F910071FBCF /* Build configuration list for PBXNativeTarget "TruyenTranh" */;
			buildPhases = (
				4B611A6017287F910071FBCF /* Sources */,
				4B611A6117287F910071FBCF /* Frameworks */,
				4B611A6217287F910071FBCF /* Resources */,
			);
			buildRules = (
			);
			dependencies = (
			);
			name = TruyenTranh;
			productName = TruyenTranh;
			productReference = 4B611A6417287F910071FBCF /* TruyenTranh.app */;
			productType = "com.apple.product-type.application";
		};
/* End PBXNativeTarget section */

/* Begin PBXProject section */
		4B611A5C17287F910071FBCF /* Project object */ = {
			isa = PBXProject;
			attributes = {
				LastUpgradeCheck = 0460;
				ORGANIZATIONNAME = KIENND;
			};
			buildConfigurationList = 4B611A5F17287F910071FBCF /* Build configuration list for PBXProject "TruyenTranh" */;
			compatibilityVersion = "Xcode 3.2";
			developmentRegion = English;
			hasScannedForEncodings = 0;
			knownRegions = (
				en,
			);
			mainGroup = 4B611A5B17287F910071FBCF;
			productRefGroup = 4B611A6517287F910071FBCF /* Products */;
			projectDirPath = "";
			projectRoot = "";
			targets = (
				4B611A6317287F910071FBCF /* TruyenTranh */,
			);
		};
/* End PBXProject section */

/* Begin PBXResourcesBuildPhase section */
		4B611A6217287F910071FBCF /* Resources */ = {
			isa = PBXResourcesBuildPhase;
			buildActionMask = 2147483647;
			files = (
				4B611A7217287F910071FBCF /* InfoPlist.strings in Resources */,
				4B611A7A17287F910071FBCF /* Default.png in Resources */,
				4B611A7C17287F910071FBCF /* Default@2x.png in Resources */,
				4B611A7E17287F910071FBCF /* Default-568h@2x.png in Resources */,
				4B611A8417287F910071FBCF /* ViewController.xib in Resources */,
				4B611AA4172886970071FBCF /* ChuCuoiCungTrang.mp3 in Resources */,
				4B611AAE17288DDB0071FBCF /* hoGamrubendancon.jpg in Resources */,
				4B611AB017288F200071FBCF /* canlacay.jpg in Resources */,
				4B611AB21728911F0071FBCF /* hoconhoiphuc.jpg in Resources */,
				4B611AB4172891FF0071FBCF /* vaccaymangvenha.jpg in Resources */,
				4B611AB6172892E40071FBCF /* cuuonggia.jpg in Resources */,
				4B611ABC172894B90071FBCF /* onggiatinhday.jpg in Resources */,
				4BE695D61728FBC000719F55 /* ComicListVC.xib in Resources */,
				4BE695D81728FBDF00719F55 /* comicList.plist in Resources */,
				4BE23A5817293E9000958DE8 /* ChuCuoiCungTrang.plist in Resources */,
			);
			runOnlyForDeploymentPostprocessing = 0;
		};
/* End PBXResourcesBuildPhase section */

/* Begin PBXSourcesBuildPhase section */
		4B611A6017287F910071FBCF /* Sources */ = {
			isa = PBXSourcesBuildPhase;
			buildActionMask = 2147483647;
			files = (
				4B611A7417287F910071FBCF /* main.m in Sources */,
				4B611A7817287F910071FBCF /* AppDelegate.m in Sources */,
				4B611A8117287F910071FBCF /* ViewController.m in Sources */,
				4B611AAB172889160071FBCF /* Page.m in Sources */,
				4B611AAC172889160071FBCF /* Truyen.m in Sources */,
				4BE695D51728FBC000719F55 /* ComicListVC.m in Sources */,
			);
			runOnlyForDeploymentPostprocessing = 0;
		};
/* End PBXSourcesBuildPhase section */

/* Begin PBXVariantGroup section */
		4B611A7017287F910071FBCF /* InfoPlist.strings */ = {
			isa = PBXVariantGroup;
			children = (
				4B611A7117287F910071FBCF /* en */,
			);
			name = InfoPlist.strings;
			sourceTree = "<group>";
		};
		4B611A8217287F910071FBCF /* ViewController.xib */ = {
			isa = PBXVariantGroup;
			children = (
				4B611A8317287F910071FBCF /* en */,
			);
			name = ViewController.xib;
			path = TruyenTranh;
			sourceTree = "<group>";
		};
/* End PBXVariantGroup section */

/* Begin XCBuildConfiguration section */
		4B611A8517287F910071FBCF /* Debug */ = {
			isa = XCBuildConfiguration;
			buildSettings = {
				ALWAYS_SEARCH_USER_PATHS = NO;
				CLANG_CXX_LANGUAGE_STANDARD = "gnu++0x";
				CLANG_CXX_LIBRARY = "libc++";
				CLANG_ENABLE_OBJC_ARC = YES;
				CLANG_WARN_CONSTANT_CONVERSION = YES;
				CLANG_WARN_EMPTY_BODY = YES;
				CLANG_WARN_ENUM_CONVERSION = YES;
				CLANG_WARN_INT_CONVERSION = YES;
				CLANG_WARN__DUPLICATE_METHOD_MATCH = YES;
				"CODE_SIGN_IDENTITY[sdk=iphoneos*]" = "iPhone Developer";
				COPY_PHASE_STRIP = NO;
				GCC_C_LANGUAGE_STANDARD = gnu99;
				GCC_DYNAMIC_NO_PIC = NO;
				GCC_OPTIMIZATION_LEVEL = 0;
				GCC_PREPROCESSOR_DEFINITIONS = (
					"DEBUG=1",
					"$(inherited)",
				);
				GCC_SYMBOLS_PRIVATE_EXTERN = NO;
				GCC_WARN_ABOUT_RETURN_TYPE = YES;
				GCC_WARN_UNINITIALIZED_AUTOS = YES;
				GCC_WARN_UNUSED_VARIABLE = YES;
				IPHONEOS_DEPLOYMENT_TARGET = 6.1;
				ONLY_ACTIVE_ARCH = YES;
				SDKROOT = iphoneos;
			};
			name = Debug;
		};
		4B611A8617287F910071FBCF /* Release */ = {
			isa = XCBuildConfiguration;
			buildSettings = {
				ALWAYS_SEARCH_USER_PATHS = NO;
				CLANG_CXX_LANGUAGE_STANDARD = "gnu++0x";
				CLANG_CXX_LIBRARY = "libc++";
				CLANG_ENABLE_OBJC_ARC = YES;
				CLANG_WARN_CONSTANT_CONVERSION = YES;
				CLANG_WARN_EMPTY_BODY = YES;
				CLANG_WARN_ENUM_CONVERSION = YES;
				CLANG_WARN_INT_CONVERSION = YES;
				CLANG_WARN__DUPLICATE_METHOD_MATCH = YES;
				"CODE_SIGN_IDENTITY[sdk=iphoneos*]" = "iPhone Developer";
				COPY_PHASE_STRIP = YES;
				GCC_C_LANGUAGE_STANDARD = gnu99;
				GCC_WARN_ABOUT_RETURN_TYPE = YES;
				GCC_WARN_UNINITIALIZED_AUTOS = YES;
				GCC_WARN_UNUSED_VARIABLE = YES;
				IPHONEOS_DEPLOYMENT_TARGET = 6.1;
				OTHER_CFLAGS = "-DNS_BLOCK_ASSERTIONS=1";
				SDKROOT = iphoneos;
				VALIDATE_PRODUCT = YES;
			};
			name = Release;
		};
		4B611A8817287F910071FBCF /* Debug */ = {
			isa = XCBuildConfiguration;
			buildSettings = {
				GCC_PRECOMPILE_PREFIX_HEADER = YES;
				GCC_PREFIX_HEADER = "TruyenTranh/TruyenTranh-Prefix.pch";
				INFOPLIST_FILE = "TruyenTranh/TruyenTranh-Info.plist";
				PRODUCT_NAME = "$(TARGET_NAME)";
				WRAPPER_EXTENSION = app;
			};
			name = Debug;
		};
		4B611A8917287F910071FBCF /* Release */ = {
			isa = XCBuildConfiguration;
			buildSettings = {
				GCC_PRECOMPILE_PREFIX_HEADER = YES;
				GCC_PREFIX_HEADER = "TruyenTranh/TruyenTranh-Prefix.pch";
				INFOPLIST_FILE = "TruyenTranh/TruyenTranh-Info.plist";
				PRODUCT_NAME = "$(TARGET_NAME)";
				WRAPPER_EXTENSION = app;
			};
			name = Release;
		};
/* End XCBuildConfiguration section */

/* Begin XCConfigurationList section */
		4B611A5F17287F910071FBCF /* Build configuration list for PBXProject "TruyenTranh" */ = {
			isa = XCConfigurationList;
			buildConfigurations = (
				4B611A8517287F910071FBCF /* Debug */,
				4B611A8617287F910071FBCF /* Release */,
			);
			defaultConfigurationIsVisible = 0;
			defaultConfigurationName = Release;
		};
		4B611A8717287F910071FBCF /* Build configuration list for PBXNativeTarget "TruyenTranh" */ = {
			isa = XCConfigurationList;
			buildConfigurations = (
				4B611A8817287F910071FBCF /* Debug */,
				4B611A8917287F910071FBCF /* Release */,
			);
			defaultConfigurationIsVisible = 0;
			defaultConfigurationName = Release;
		};
/* End XCConfigurationList section */
	};
	rootObject = 4B611A5C17287F910071FBCF /* Project object */;
}
